// !$*UTF8*$!
{
	archiveVersion = 1;
	classes = {
	};
	objectVersion = 46;
	objects = {

/* Begin PBXAggregateTarget section */
		8FF392BBD81B43DBB88B9220 /* ALL_BUILD */ = {
			isa = PBXAggregateTarget;
			buildConfigurationList = E137502780DA468CB663A117 /* Build configuration list for PBXAggregateTarget "ALL_BUILD" */;
			buildPhases = (
				FB768081B51046558AF7F91C /* CMake Rules */,
			);
			dependencies = (
				FE3FA342518A4B0AAA7EF6D2 /* PBXTargetDependency */,
				4D4665DD8E6F4C5983D43F5D /* PBXTargetDependency */,
			);
			name = ALL_BUILD;
			productName = ALL_BUILD;
		};
		DCA1F717FEC34C038357B951 /* ZERO_CHECK */ = {
			isa = PBXAggregateTarget;
			buildConfigurationList = FEC778283513469BBCBD42E2 /* Build configuration list for PBXAggregateTarget "ZERO_CHECK" */;
			buildPhases = (
				05BF299175C04E8B97F9ADBA /* CMake Rules */,
			);
			dependencies = (
			);
			name = ZERO_CHECK;
			productName = ZERO_CHECK;
		};
/* End PBXAggregateTarget section */

/* Begin PBXBuildFile section */
		03F7537E49B94A818034597A /* /Users/jinpengli/CarND-Unscented-Kalman-Filter/src/ukf.cpp */ = {isa = PBXBuildFile; fileRef = FB3A8002B69A4ECAB644EFF6 /* /Users/jinpengli/CarND-Unscented-Kalman-Filter/src/ukf.cpp */; };
		2F51D25BCC994B36A076D4E3 /* /Users/jinpengli/CarND-Unscented-Kalman-Filter/src/ukf.h */ = {isa = PBXBuildFile; fileRef = 89ABA836F8464806B34FF5D4 /* /Users/jinpengli/CarND-Unscented-Kalman-Filter/src/ukf.h */; };
		30EDC97558FF4FA6B3905B8B /* /Users/jinpengli/CarND-Unscented-Kalman-Filter/src/json.hpp */ = {isa = PBXBuildFile; fileRef = 83AD9B136A754D40B94C53E6 /* /Users/jinpengli/CarND-Unscented-Kalman-Filter/src/json.hpp */; };
		49444DEDD9314E049C8910F9 /* /Users/jinpengli/CarND-Unscented-Kalman-Filter/src/measurement_package.h */ = {isa = PBXBuildFile; fileRef = F555C3C1D56B43EE8F8B2D47 /* /Users/jinpengli/CarND-Unscented-Kalman-Filter/src/measurement_package.h */; };
		6B4E058474A7499A8D1207A8 /* /Users/jinpengli/CarND-Unscented-Kalman-Filter/CMakeLists.txt */ = {isa = PBXBuildFile; fileRef = 45E855B5D2924761BCCDEAA0 /* /Users/jinpengli/CarND-Unscented-Kalman-Filter/CMakeLists.txt */; };
		9B9AA98DDED6421FA20A7452 /* /Users/jinpengli/CarND-Unscented-Kalman-Filter/src/tools.h */ = {isa = PBXBuildFile; fileRef = 107F046F25964C1CB7C6DCF9 /* /Users/jinpengli/CarND-Unscented-Kalman-Filter/src/tools.h */; };
		C48F0CF8DDAA484697665E59 /* /Users/jinpengli/CarND-Unscented-Kalman-Filter/src/main.cpp */ = {isa = PBXBuildFile; fileRef = F79B41764C0744D8BEE3F537 /* /Users/jinpengli/CarND-Unscented-Kalman-Filter/src/main.cpp */; };
		CF9F751B6336490A92AE87F0 /* /Users/jinpengli/CarND-Unscented-Kalman-Filter/src/tools.cpp */ = {isa = PBXBuildFile; fileRef = 6CAEE1AF8B454307AEFD646D /* /Users/jinpengli/CarND-Unscented-Kalman-Filter/src/tools.cpp */; };
/* End PBXBuildFile section */

/* Begin PBXBuildStyle section */
		6684C90D936A451FB15531BE /* RelWithDebInfo */ = {
			isa = PBXBuildStyle;
			buildSettings = {
				COPY_PHASE_STRIP = NO;
			};
			name = RelWithDebInfo;
		};
		94EB421CEFE746F0965CD03F /* Debug */ = {
			isa = PBXBuildStyle;
			buildSettings = {
				COPY_PHASE_STRIP = NO;
			};
			name = Debug;
		};
		9A2A0CBE745E473ABA2FE8C3 /* Release */ = {
			isa = PBXBuildStyle;
			buildSettings = {
				COPY_PHASE_STRIP = NO;
			};
			name = Release;
		};
		BC3C27A9D41B475A903B17A2 /* MinSizeRel */ = {
			isa = PBXBuildStyle;
			buildSettings = {
				COPY_PHASE_STRIP = NO;
			};
			name = MinSizeRel;
		};
/* End PBXBuildStyle section */

/* Begin PBXContainerItemProxy section */
		5217F028F84D4D25982DD93E /* PBXContainerItemProxy */ = {
			isa = PBXContainerItemProxy;
			containerPortal = 3C4A520911F74C5F816E6CB6 /* Project object */;
			proxyType = 1;
			remoteGlobalIDString = DCA1F717FEC34C038357B951;
			remoteInfo = ZERO_CHECK;
		};
		879315C76D1840958F1D57B5 /* PBXContainerItemProxy */ = {
			isa = PBXContainerItemProxy;
			containerPortal = 3C4A520911F74C5F816E6CB6 /* Project object */;
			proxyType = 1;
			remoteGlobalIDString = 7AA792FA16014038868934DC;
			remoteInfo = UnscentedKF;
		};
		879B426690C74D18958B4EAB /* PBXContainerItemProxy */ = {
			isa = PBXContainerItemProxy;
			containerPortal = 3C4A520911F74C5F816E6CB6 /* Project object */;
			proxyType = 1;
			remoteGlobalIDString = DCA1F717FEC34C038357B951;
			remoteInfo = ZERO_CHECK;
		};
/* End PBXContainerItemProxy section */

/* Begin PBXFileReference section */
		107F046F25964C1CB7C6DCF9 /* /Users/jinpengli/CarND-Unscented-Kalman-Filter/src/tools.h */ = {isa = PBXFileReference; explicitFileType = sourcecode.c.h; fileEncoding = 4; name = tools.h; path = src/tools.h; sourceTree = SOURCE_ROOT; };
		45E855B5D2924761BCCDEAA0 /* /Users/jinpengli/CarND-Unscented-Kalman-Filter/CMakeLists.txt */ = {isa = PBXFileReference; explicitFileType = sourcecode.text; fileEncoding = 4; name = CMakeLists.txt; path = CMakeLists.txt; sourceTree = SOURCE_ROOT; };
		4E3A4BCF7AEE45DCB4ABA965 /* /Users/jinpengli/CarND-Unscented-Kalman-Filter/CMakeLists.txt */ = {isa = PBXFileReference; explicitFileType = sourcecode.text; fileEncoding = 4; name = CMakeLists.txt; path = CMakeLists.txt; sourceTree = SOURCE_ROOT; };
		6CAEE1AF8B454307AEFD646D /* /Users/jinpengli/CarND-Unscented-Kalman-Filter/src/tools.cpp */ = {isa = PBXFileReference; explicitFileType = sourcecode.cpp.cpp; fileEncoding = 4; name = tools.cpp; path = src/tools.cpp; sourceTree = SOURCE_ROOT; };
		83AD9B136A754D40B94C53E6 /* /Users/jinpengli/CarND-Unscented-Kalman-Filter/src/json.hpp */ = {isa = PBXFileReference; explicitFileType = sourcecode.cpp.h; fileEncoding = 4; name = json.hpp; path = src/json.hpp; sourceTree = SOURCE_ROOT; };
		89ABA836F8464806B34FF5D4 /* /Users/jinpengli/CarND-Unscented-Kalman-Filter/src/ukf.h */ = {isa = PBXFileReference; explicitFileType = sourcecode.c.h; fileEncoding = 4; name = ukf.h; path = src/ukf.h; sourceTree = SOURCE_ROOT; };
		F440B78558714A1DB2C13F4A /* UnscentedKF */ = {isa = PBXFileReference; explicitFileType = "compiled.mach-o.executable"; path = UnscentedKF; sourceTree = BUILT_PRODUCTS_DIR; };
		F555C3C1D56B43EE8F8B2D47 /* /Users/jinpengli/CarND-Unscented-Kalman-Filter/src/measurement_package.h */ = {isa = PBXFileReference; explicitFileType = sourcecode.c.h; fileEncoding = 4; name = measurement_package.h; path = src/measurement_package.h; sourceTree = SOURCE_ROOT; };
		F79B41764C0744D8BEE3F537 /* /Users/jinpengli/CarND-Unscented-Kalman-Filter/src/main.cpp */ = {isa = PBXFileReference; explicitFileType = sourcecode.cpp.cpp; fileEncoding = 4; name = main.cpp; path = src/main.cpp; sourceTree = SOURCE_ROOT; };
		FB3A8002B69A4ECAB644EFF6 /* /Users/jinpengli/CarND-Unscented-Kalman-Filter/src/ukf.cpp */ = {isa = PBXFileReference; explicitFileType = sourcecode.cpp.cpp; fileEncoding = 4; name = ukf.cpp; path = src/ukf.cpp; sourceTree = SOURCE_ROOT; };
/* End PBXFileReference section */

/* Begin PBXGroup section */
		0FD589E75691411FA96B42A6 /* ALL_BUILD */ = {
			isa = PBXGroup;
			children = (
				F5A4F5D1A69F46AD8F1CADCC /* CMake Rules */,
				4E3A4BCF7AEE45DCB4ABA965 /* /Users/jinpengli/CarND-Unscented-Kalman-Filter/CMakeLists.txt */,
			);
			name = ALL_BUILD;
			sourceTree = "<group>";
		};
		3B208414CBA643FF8B57AA7B = {
			isa = PBXGroup;
			children = (
				57DB505239FD4B76949EE337 /* UnscentedKF */,
				0FD589E75691411FA96B42A6 /* ALL_BUILD */,
				9D9A9D69C9D7497B9DE62231 /* Products */,
			);
			sourceTree = "<group>";
		};
		57DB505239FD4B76949EE337 /* UnscentedKF */ = {
			isa = PBXGroup;
			children = (
				7678D65409A8464E9B7DD0C0 /* Source Files */,
				67C2902A5D6A4E618B085382 /* Header Files */,
				45E855B5D2924761BCCDEAA0 /* /Users/jinpengli/CarND-Unscented-Kalman-Filter/CMakeLists.txt */,
			);
			name = UnscentedKF;
			sourceTree = "<group>";
		};
		67C2902A5D6A4E618B085382 /* Header Files */ = {
			isa = PBXGroup;
			children = (
				83AD9B136A754D40B94C53E6 /* /Users/jinpengli/CarND-Unscented-Kalman-Filter/src/json.hpp */,
				F555C3C1D56B43EE8F8B2D47 /* /Users/jinpengli/CarND-Unscented-Kalman-Filter/src/measurement_package.h */,
				107F046F25964C1CB7C6DCF9 /* /Users/jinpengli/CarND-Unscented-Kalman-Filter/src/tools.h */,
				89ABA836F8464806B34FF5D4 /* /Users/jinpengli/CarND-Unscented-Kalman-Filter/src/ukf.h */,
			);
			name = "Header Files";
			sourceTree = "<group>";
		};
		7678D65409A8464E9B7DD0C0 /* Source Files */ = {
			isa = PBXGroup;
			children = (
				F79B41764C0744D8BEE3F537 /* /Users/jinpengli/CarND-Unscented-Kalman-Filter/src/main.cpp */,
				6CAEE1AF8B454307AEFD646D /* /Users/jinpengli/CarND-Unscented-Kalman-Filter/src/tools.cpp */,
				FB3A8002B69A4ECAB644EFF6 /* /Users/jinpengli/CarND-Unscented-Kalman-Filter/src/ukf.cpp */,
			);
			name = "Source Files";
			sourceTree = "<group>";
		};
		9D9A9D69C9D7497B9DE62231 /* Products */ = {
			isa = PBXGroup;
			children = (
				F440B78558714A1DB2C13F4A /* UnscentedKF */,
			);
			name = Products;
			sourceTree = "<group>";
		};
		F5A4F5D1A69F46AD8F1CADCC /* CMake Rules */ = {
			isa = PBXGroup;
			children = (
			);
			name = "CMake Rules";
			sourceTree = "<group>";
		};
/* End PBXGroup section */

/* Begin PBXNativeTarget section */
		7AA792FA16014038868934DC /* UnscentedKF */ = {
			isa = PBXNativeTarget;
			buildConfigurationList = B5C100D37D5E4A14B8BF7D90 /* Build configuration list for PBXNativeTarget "UnscentedKF" */;
			buildPhases = (
				DF7C0291671043E5BC9C3FA8 /* Sources */,
			);
			buildRules = (
			);
			dependencies = (
				F382D603236E4122ACDE8BD1 /* PBXTargetDependency */,
			);
			name = UnscentedKF;
			productName = UnscentedKF;
			productReference = F440B78558714A1DB2C13F4A /* UnscentedKF */;
			productType = "com.apple.product-type.tool";
		};
/* End PBXNativeTarget section */

/* Begin PBXProject section */
		3C4A520911F74C5F816E6CB6 /* Project object */ = {
			isa = PBXProject;
			attributes = {
				BuildIndependentTargetsInParallel = YES;
				LastUpgradeCheck = 1000;
			};
			buildConfigurationList = EED91E8AA01440EB9F308DDA /* Build configuration list for PBXProject "UnscentedKF" */;
			buildSettings = {
			};
			buildStyles = (
				94EB421CEFE746F0965CD03F /* Debug */,
				9A2A0CBE745E473ABA2FE8C3 /* Release */,
				BC3C27A9D41B475A903B17A2 /* MinSizeRel */,
				6684C90D936A451FB15531BE /* RelWithDebInfo */,
			);
			compatibilityVersion = "Xcode 3.2";
			hasScannedForEncodings = 0;
			mainGroup = 3B208414CBA643FF8B57AA7B;
			projectDirPath = ../;
			projectRoot = "";
			targets = (
				8FF392BBD81B43DBB88B9220 /* ALL_BUILD */,
				7AA792FA16014038868934DC /* UnscentedKF */,
				DCA1F717FEC34C038357B951 /* ZERO_CHECK */,
			);
		};
/* End PBXProject section */

/* Begin PBXShellScriptBuildPhase section */
		05BF299175C04E8B97F9ADBA /* CMake Rules */ = {
			isa = PBXShellScriptBuildPhase;
			buildActionMask = 2147483647;
			files = (
			);
			name = "CMake Rules";
			runOnlyForDeploymentPostprocessing = 0;
			shellPath = /bin/sh;
			shellScript = "make -C /Users/jinpengli/CarND-Unscented-Kalman-Filter/xcode -f /Users/jinpengli/CarND-Unscented-Kalman-Filter/xcode/CMakeScripts/ZERO_CHECK_cmakeRulesBuildPhase.make$CONFIGURATION all";
			showEnvVarsInLog = 0;
		};
		E9024510298545E7917207E8 = {
			isa = PBXShellScriptBuildPhase;
			buildActionMask = 2147483647;
			files = (
			);
			inputPaths = (
			);
			outputPaths = (
			);
			runOnlyForDeploymentPostprocessing = 0;
			shellPath = /bin/sh;
			shellScript = "# shell script goes here
exit 0";
			showEnvVarsInLog = 0;
		};
		EF0E5E575A6743458B415653 = {
			isa = PBXShellScriptBuildPhase;
			buildActionMask = 2147483647;
			files = (
			);
			inputPaths = (
			);
			outputPaths = (
			);
			runOnlyForDeploymentPostprocessing = 0;
			shellPath = /bin/sh;
			shellScript = "# shell script goes here
exit 0";
			showEnvVarsInLog = 0;
		};
		FB768081B51046558AF7F91C /* CMake Rules */ = {
			isa = PBXShellScriptBuildPhase;
			buildActionMask = 2147483647;
			files = (
			);
			name = "CMake Rules";
			runOnlyForDeploymentPostprocessing = 0;
			shellPath = /bin/sh;
			shellScript = "make -C /Users/jinpengli/CarND-Unscented-Kalman-Filter/xcode -f /Users/jinpengli/CarND-Unscented-Kalman-Filter/xcode/CMakeScripts/ALL_BUILD_cmakeRulesBuildPhase.make$CONFIGURATION all";
			showEnvVarsInLog = 0;
		};
/* End PBXShellScriptBuildPhase section */

/* Begin PBXSourcesBuildPhase section */
		DF7C0291671043E5BC9C3FA8 /* Sources */ = {
			isa = PBXSourcesBuildPhase;
			buildActionMask = 2147483647;
			files = (
				C48F0CF8DDAA484697665E59 /* /Users/jinpengli/CarND-Unscented-Kalman-Filter/src/main.cpp */,
				CF9F751B6336490A92AE87F0 /* /Users/jinpengli/CarND-Unscented-Kalman-Filter/src/tools.cpp */,
				03F7537E49B94A818034597A /* /Users/jinpengli/CarND-Unscented-Kalman-Filter/src/ukf.cpp */,
			);
			runOnlyForDeploymentPostprocessing = 0;
		};
/* End PBXSourcesBuildPhase section */

/* Begin PBXTargetDependency section */
		4D4665DD8E6F4C5983D43F5D /* PBXTargetDependency */ = {
			isa = PBXTargetDependency;
			target = 7AA792FA16014038868934DC /* UnscentedKF */;
			targetProxy = 879315C76D1840958F1D57B5 /* PBXContainerItemProxy */;
		};
		F382D603236E4122ACDE8BD1 /* PBXTargetDependency */ = {
			isa = PBXTargetDependency;
			target = DCA1F717FEC34C038357B951 /* ZERO_CHECK */;
			targetProxy = 879B426690C74D18958B4EAB /* PBXContainerItemProxy */;
		};
		FE3FA342518A4B0AAA7EF6D2 /* PBXTargetDependency */ = {
			isa = PBXTargetDependency;
			target = DCA1F717FEC34C038357B951 /* ZERO_CHECK */;
			targetProxy = 5217F028F84D4D25982DD93E /* PBXContainerItemProxy */;
		};
/* End PBXTargetDependency section */

/* Begin XCBuildConfiguration section */
		118CFE1C6F99477A96E3ABAB /* RelWithDebInfo */ = {
			isa = XCBuildConfiguration;
			buildSettings = {
				COMBINE_HIDPI_IMAGES = YES;
				EXECUTABLE_PREFIX = "";
				EXECUTABLE_SUFFIX = "";
				GCC_GENERATE_DEBUGGING_SYMBOLS = YES;
				GCC_INLINES_ARE_PRIVATE_EXTERN = NO;
				GCC_OPTIMIZATION_LEVEL = 2;
				GCC_PREPROCESSOR_DEFINITIONS = ("'CMAKE_INTDIR=\"$(CONFIGURATION)$(EFFECTIVE_PLATFORM_NAME)\"'");
				GCC_SYMBOLS_PRIVATE_EXTERN = NO;
				HEADER_SEARCH_PATHS = (/usr/local/include,/usr/local/opt/openssl/include);
				INSTALL_PATH = "";
				LD_RUNPATH_SEARCH_PATHS = "/usr/local/lib /usr/local/opt/openssl/lib /usr/local/Cellar/libuv/1*/lib";
				LIBRARY_SEARCH_PATHS = " /usr/local/lib/$(CONFIGURATION)$(EFFECTIVE_PLATFORM_NAME) /usr/local/lib /usr/local/opt/openssl/lib/$(CONFIGURATION)$(EFFECTIVE_PLATFORM_NAME) /usr/local/opt/openssl/lib /usr/local/Cellar/libuv/1*/lib/$(CONFIGURATION)$(EFFECTIVE_PLATFORM_NAME) /usr/local/Cellar/libuv/1*/lib";
				OTHER_CPLUSPLUSFLAGS = "-Wall        -DNDEBUG   -std=c++11";
				OTHER_LDFLAGS = " -Wl,-search_paths_first -Wl,-headerpad_max_install_names  -lz -lssl -luv -luWS";
				OTHER_REZFLAGS = "";
				PRODUCT_NAME = UnscentedKF;
				SECTORDER_FLAGS = "";
				SYMROOT = "/Users/jinpengli/CarND-Unscented-Kalman-Filter/xcode";
				USE_HEADERMAP = NO;
				WARNING_CFLAGS = ("-Wmost","-Wno-four-char-constants","-Wno-unknown-pragmas","$(inherited)");
			};
			name = RelWithDebInfo;
		};
		19662338A8084EAF9349BAEF /* RelWithDebInfo */ = {
			isa = XCBuildConfiguration;
			buildSettings = {
				MACOSX_DEPLOYMENT_TARGET = 10.13;
				ONLY_ACTIVE_ARCH = YES;
				SDKROOT = /Applications/Xcode.app/Contents/Developer/Platforms/MacOSX.platform/Developer/SDKs/MacOSX10.14.sdk;
				SYMROOT = "/Users/jinpengli/CarND-Unscented-Kalman-Filter/xcode/build";
			};
			name = RelWithDebInfo;
		};
		1E3F93ADA9FF492184CCDB81 /* Release */ = {
			isa = XCBuildConfiguration;
			buildSettings = {
				COMBINE_HIDPI_IMAGES = YES;
				EXECUTABLE_PREFIX = "";
				EXECUTABLE_SUFFIX = "";
				GCC_GENERATE_DEBUGGING_SYMBOLS = NO;
				GCC_INLINES_ARE_PRIVATE_EXTERN = NO;
				GCC_OPTIMIZATION_LEVEL = 3;
				GCC_PREPROCESSOR_DEFINITIONS = ("'CMAKE_INTDIR=\"$(CONFIGURATION)$(EFFECTIVE_PLATFORM_NAME)\"'");
				GCC_SYMBOLS_PRIVATE_EXTERN = NO;
				HEADER_SEARCH_PATHS = (/usr/local/include,/usr/local/opt/openssl/include);
				INSTALL_PATH = "";
				LD_RUNPATH_SEARCH_PATHS = "/usr/local/lib /usr/local/opt/openssl/lib /usr/local/Cellar/libuv/1*/lib";
				LIBRARY_SEARCH_PATHS = " /usr/local/lib/$(CONFIGURATION)$(EFFECTIVE_PLATFORM_NAME) /usr/local/lib /usr/local/opt/openssl/lib/$(CONFIGURATION)$(EFFECTIVE_PLATFORM_NAME) /usr/local/opt/openssl/lib /usr/local/Cellar/libuv/1*/lib/$(CONFIGURATION)$(EFFECTIVE_PLATFORM_NAME) /usr/local/Cellar/libuv/1*/lib";
				OTHER_CPLUSPLUSFLAGS = "-Wall     -DNDEBUG   -std=c++11";
				OTHER_LDFLAGS = " -Wl,-search_paths_first -Wl,-headerpad_max_install_names  -lz -lssl -luv -luWS";
				OTHER_REZFLAGS = "";
				PRODUCT_NAME = UnscentedKF;
				SECTORDER_FLAGS = "";
				SYMROOT = "/Users/jinpengli/CarND-Unscented-Kalman-Filter/xcode";
				USE_HEADERMAP = NO;
				WARNING_CFLAGS = ("-Wmost","-Wno-four-char-constants","-Wno-unknown-pragmas","$(inherited)");
			};
			name = Release;
		};
		21B0FE94CFCE41D1B5F661A1 /* Debug */ = {
			isa = XCBuildConfiguration;
			buildSettings = {
				COMBINE_HIDPI_IMAGES = YES;
				GCC_GENERATE_DEBUGGING_SYMBOLS = YES;
				GCC_INLINES_ARE_PRIVATE_EXTERN = NO;
				GCC_OPTIMIZATION_LEVEL = 0;
				GCC_PREPROCESSOR_DEFINITIONS = ("'CMAKE_INTDIR=\"$(CONFIGURATION)$(EFFECTIVE_PLATFORM_NAME)\"'");
				GCC_SYMBOLS_PRIVATE_EXTERN = NO;
				INSTALL_PATH = "";
				OTHER_LDFLAGS = " ";
				OTHER_REZFLAGS = "";
				PRODUCT_NAME = ZERO_CHECK;
				SECTORDER_FLAGS = "";
				SYMROOT = "/Users/jinpengli/CarND-Unscented-Kalman-Filter/xcode";
				USE_HEADERMAP = NO;
				WARNING_CFLAGS = ("-Wmost","-Wno-four-char-constants","-Wno-unknown-pragmas","$(inherited)");
			};
			name = Debug;
		};
		44151A8244F3424091226307 /* MinSizeRel */ = {
			isa = XCBuildConfiguration;
			buildSettings = {
				MACOSX_DEPLOYMENT_TARGET = 10.13;
				ONLY_ACTIVE_ARCH = YES;
				SDKROOT = /Applications/Xcode.app/Contents/Developer/Platforms/MacOSX.platform/Developer/SDKs/MacOSX10.14.sdk;
				SYMROOT = "/Users/jinpengli/CarND-Unscented-Kalman-Filter/xcode/build";
			};
			name = MinSizeRel;
		};
		539A436C19F9451E91B1EADD /* RelWithDebInfo */ = {
			isa = XCBuildConfiguration;
			buildSettings = {
				COMBINE_HIDPI_IMAGES = YES;
				GCC_GENERATE_DEBUGGING_SYMBOLS = YES;
				GCC_INLINES_ARE_PRIVATE_EXTERN = NO;
				GCC_OPTIMIZATION_LEVEL = 0;
				GCC_PREPROCESSOR_DEFINITIONS = ("'CMAKE_INTDIR=\"$(CONFIGURATION)$(EFFECTIVE_PLATFORM_NAME)\"'");
				GCC_SYMBOLS_PRIVATE_EXTERN = NO;
				INSTALL_PATH = "";
				OTHER_LDFLAGS = " ";
				OTHER_REZFLAGS = "";
				PRODUCT_NAME = ALL_BUILD;
				SECTORDER_FLAGS = "";
				SYMROOT = "/Users/jinpengli/CarND-Unscented-Kalman-Filter/xcode";
				USE_HEADERMAP = NO;
				WARNING_CFLAGS = ("-Wmost","-Wno-four-char-constants","-Wno-unknown-pragmas","$(inherited)");
			};
			name = RelWithDebInfo;
		};
		565638BCEAEB4379959B56F1 /* MinSizeRel */ = {
			isa = XCBuildConfiguration;
			buildSettings = {
				COMBINE_HIDPI_IMAGES = YES;
				EXECUTABLE_PREFIX = "";
				EXECUTABLE_SUFFIX = "";
				GCC_GENERATE_DEBUGGING_SYMBOLS = NO;
				GCC_INLINES_ARE_PRIVATE_EXTERN = NO;
				GCC_OPTIMIZATION_LEVEL = s;
				GCC_PREPROCESSOR_DEFINITIONS = ("'CMAKE_INTDIR=\"$(CONFIGURATION)$(EFFECTIVE_PLATFORM_NAME)\"'");
				GCC_SYMBOLS_PRIVATE_EXTERN = NO;
				HEADER_SEARCH_PATHS = (/usr/local/include,/usr/local/opt/openssl/include);
				INSTALL_PATH = "";
				LD_RUNPATH_SEARCH_PATHS = "/usr/local/lib /usr/local/opt/openssl/lib /usr/local/Cellar/libuv/1*/lib";
				LIBRARY_SEARCH_PATHS = " /usr/local/lib/$(CONFIGURATION)$(EFFECTIVE_PLATFORM_NAME) /usr/local/lib /usr/local/opt/openssl/lib/$(CONFIGURATION)$(EFFECTIVE_PLATFORM_NAME) /usr/local/opt/openssl/lib /usr/local/Cellar/libuv/1*/lib/$(CONFIGURATION)$(EFFECTIVE_PLATFORM_NAME) /usr/local/Cellar/libuv/1*/lib";
				OTHER_CPLUSPLUSFLAGS = "-Wall     -DNDEBUG   -std=c++11";
				OTHER_LDFLAGS = " -Wl,-search_paths_first -Wl,-headerpad_max_install_names  -lz -lssl -luv -luWS";
				OTHER_REZFLAGS = "";
				PRODUCT_NAME = UnscentedKF;
				SECTORDER_FLAGS = "";
				SYMROOT = "/Users/jinpengli/CarND-Unscented-Kalman-Filter/xcode";
				USE_HEADERMAP = NO;
				WARNING_CFLAGS = ("-Wmost","-Wno-four-char-constants","-Wno-unknown-pragmas","$(inherited)");
			};
			name = MinSizeRel;
		};
		5E1657341A9A47978FB85FE4 /* Release */ = {
			isa = XCBuildConfiguration;
			buildSettings = {
				MACOSX_DEPLOYMENT_TARGET = 10.13;
				ONLY_ACTIVE_ARCH = YES;
				SDKROOT = /Applications/Xcode.app/Contents/Developer/Platforms/MacOSX.platform/Developer/SDKs/MacOSX10.14.sdk;
				SYMROOT = "/Users/jinpengli/CarND-Unscented-Kalman-Filter/xcode/build";
			};
			name = Release;
		};
		60BC554EC98049C7A89FBA0D /* Release */ = {
			isa = XCBuildConfiguration;
			buildSettings = {
				COMBINE_HIDPI_IMAGES = YES;
				GCC_GENERATE_DEBUGGING_SYMBOLS = YES;
				GCC_INLINES_ARE_PRIVATE_EXTERN = NO;
				GCC_OPTIMIZATION_LEVEL = 0;
				GCC_PREPROCESSOR_DEFINITIONS = ("'CMAKE_INTDIR=\"$(CONFIGURATION)$(EFFECTIVE_PLATFORM_NAME)\"'");
				GCC_SYMBOLS_PRIVATE_EXTERN = NO;
				INSTALL_PATH = "";
				OTHER_LDFLAGS = " ";
				OTHER_REZFLAGS = "";
				PRODUCT_NAME = ALL_BUILD;
				SECTORDER_FLAGS = "";
				SYMROOT = "/Users/jinpengli/CarND-Unscented-Kalman-Filter/xcode";
				USE_HEADERMAP = NO;
				WARNING_CFLAGS = ("-Wmost","-Wno-four-char-constants","-Wno-unknown-pragmas","$(inherited)");
			};
			name = Release;
		};
		60D02E3675A24D96B527A804 /* MinSizeRel */ = {
			isa = XCBuildConfiguration;
			buildSettings = {
				COMBINE_HIDPI_IMAGES = YES;
				GCC_GENERATE_DEBUGGING_SYMBOLS = YES;
				GCC_INLINES_ARE_PRIVATE_EXTERN = NO;
				GCC_OPTIMIZATION_LEVEL = 0;
				GCC_PREPROCESSOR_DEFINITIONS = ("'CMAKE_INTDIR=\"$(CONFIGURATION)$(EFFECTIVE_PLATFORM_NAME)\"'");
				GCC_SYMBOLS_PRIVATE_EXTERN = NO;
				INSTALL_PATH = "";
				OTHER_LDFLAGS = " ";
				OTHER_REZFLAGS = "";
				PRODUCT_NAME = ZERO_CHECK;
				SECTORDER_FLAGS = "";
				SYMROOT = "/Users/jinpengli/CarND-Unscented-Kalman-Filter/xcode";
				USE_HEADERMAP = NO;
				WARNING_CFLAGS = ("-Wmost","-Wno-four-char-constants","-Wno-unknown-pragmas","$(inherited)");
			};
			name = MinSizeRel;
		};
		64F18BB0E82A44B6AE7452F8 /* MinSizeRel */ = {
			isa = XCBuildConfiguration;
			buildSettings = {
				COMBINE_HIDPI_IMAGES = YES;
				GCC_GENERATE_DEBUGGING_SYMBOLS = YES;
				GCC_INLINES_ARE_PRIVATE_EXTERN = NO;
				GCC_OPTIMIZATION_LEVEL = 0;
				GCC_PREPROCESSOR_DEFINITIONS = ("'CMAKE_INTDIR=\"$(CONFIGURATION)$(EFFECTIVE_PLATFORM_NAME)\"'");
				GCC_SYMBOLS_PRIVATE_EXTERN = NO;
				INSTALL_PATH = "";
				OTHER_LDFLAGS = " ";
				OTHER_REZFLAGS = "";
				PRODUCT_NAME = ALL_BUILD;
				SECTORDER_FLAGS = "";
				SYMROOT = "/Users/jinpengli/CarND-Unscented-Kalman-Filter/xcode";
				USE_HEADERMAP = NO;
				WARNING_CFLAGS = ("-Wmost","-Wno-four-char-constants","-Wno-unknown-pragmas","$(inherited)");
			};
			name = MinSizeRel;
		};
		81A9A9207E9547B2946EBD3C /* Debug */ = {
			isa = XCBuildConfiguration;
			buildSettings = {
				COMBINE_HIDPI_IMAGES = YES;
				EXECUTABLE_PREFIX = "";
				EXECUTABLE_SUFFIX = "";
				GCC_GENERATE_DEBUGGING_SYMBOLS = YES;
				GCC_INLINES_ARE_PRIVATE_EXTERN = NO;
				GCC_OPTIMIZATION_LEVEL = 0;
				GCC_PREPROCESSOR_DEFINITIONS = ("'CMAKE_INTDIR=\"$(CONFIGURATION)$(EFFECTIVE_PLATFORM_NAME)\"'");
				GCC_SYMBOLS_PRIVATE_EXTERN = NO;
				HEADER_SEARCH_PATHS = (/usr/local/include,/usr/local/opt/openssl/include);
				INSTALL_PATH = "";
				LD_RUNPATH_SEARCH_PATHS = "/usr/local/lib /usr/local/opt/openssl/lib /usr/local/Cellar/libuv/1*/lib";
				LIBRARY_SEARCH_PATHS = " /usr/local/lib/$(CONFIGURATION)$(EFFECTIVE_PLATFORM_NAME) /usr/local/lib /usr/local/opt/openssl/lib/$(CONFIGURATION)$(EFFECTIVE_PLATFORM_NAME) /usr/local/opt/openssl/lib /usr/local/Cellar/libuv/1*/lib/$(CONFIGURATION)$(EFFECTIVE_PLATFORM_NAME) /usr/local/Cellar/libuv/1*/lib";
				OTHER_CPLUSPLUSFLAGS = "-Wall      -std=c++11";
				OTHER_LDFLAGS = " -Wl,-search_paths_first -Wl,-headerpad_max_install_names  -lz -lssl -luv -luWS";
				OTHER_REZFLAGS = "";
				PRODUCT_NAME = UnscentedKF;
				SECTORDER_FLAGS = "";
				SYMROOT = "/Users/jinpengli/CarND-Unscented-Kalman-Filter/xcode";
				USE_HEADERMAP = NO;
				WARNING_CFLAGS = ("-Wmost","-Wno-four-char-constants","-Wno-unknown-pragmas","$(inherited)");
			};
			name = Debug;
		};
		8C58DD186AE8480F879D0F0F /* Release */ = {
			isa = XCBuildConfiguration;
			buildSettings = {
				COMBINE_HIDPI_IMAGES = YES;
				GCC_GENERATE_DEBUGGING_SYMBOLS = YES;
				GCC_INLINES_ARE_PRIVATE_EXTERN = NO;
				GCC_OPTIMIZATION_LEVEL = 0;
				GCC_PREPROCESSOR_DEFINITIONS = ("'CMAKE_INTDIR=\"$(CONFIGURATION)$(EFFECTIVE_PLATFORM_NAME)\"'");
				GCC_SYMBOLS_PRIVATE_EXTERN = NO;
				INSTALL_PATH = "";
				OTHER_LDFLAGS = " ";
				OTHER_REZFLAGS = "";
				PRODUCT_NAME = ZERO_CHECK;
				SECTORDER_FLAGS = "";
				SYMROOT = "/Users/jinpengli/CarND-Unscented-Kalman-Filter/xcode";
				USE_HEADERMAP = NO;
				WARNING_CFLAGS = ("-Wmost","-Wno-four-char-constants","-Wno-unknown-pragmas","$(inherited)");
			};
			name = Release;
		};
		AD8ADE4C857E4DF19DCD5439 /* Debug */ = {
			isa = XCBuildConfiguration;
			buildSettings = {
				COMBINE_HIDPI_IMAGES = YES;
				GCC_GENERATE_DEBUGGING_SYMBOLS = YES;
				GCC_INLINES_ARE_PRIVATE_EXTERN = NO;
				GCC_OPTIMIZATION_LEVEL = 0;
				GCC_PREPROCESSOR_DEFINITIONS = ("'CMAKE_INTDIR=\"$(CONFIGURATION)$(EFFECTIVE_PLATFORM_NAME)\"'");
				GCC_SYMBOLS_PRIVATE_EXTERN = NO;
				INSTALL_PATH = "";
				OTHER_LDFLAGS = " ";
				OTHER_REZFLAGS = "";
				PRODUCT_NAME = ALL_BUILD;
				SECTORDER_FLAGS = "";
				SYMROOT = "/Users/jinpengli/CarND-Unscented-Kalman-Filter/xcode";
				USE_HEADERMAP = NO;
				WARNING_CFLAGS = ("-Wmost","-Wno-four-char-constants","-Wno-unknown-pragmas","$(inherited)");
			};
			name = Debug;
		};
		CD3DE6F2250048F28846CECC /* RelWithDebInfo */ = {
			isa = XCBuildConfiguration;
			buildSettings = {
				COMBINE_HIDPI_IMAGES = YES;
				GCC_GENERATE_DEBUGGING_SYMBOLS = YES;
				GCC_INLINES_ARE_PRIVATE_EXTERN = NO;
				GCC_OPTIMIZATION_LEVEL = 0;
				GCC_PREPROCESSOR_DEFINITIONS = ("'CMAKE_INTDIR=\"$(CONFIGURATION)$(EFFECTIVE_PLATFORM_NAME)\"'");
				GCC_SYMBOLS_PRIVATE_EXTERN = NO;
				INSTALL_PATH = "";
				OTHER_LDFLAGS = " ";
				OTHER_REZFLAGS = "";
				PRODUCT_NAME = ZERO_CHECK;
				SECTORDER_FLAGS = "";
				SYMROOT = "/Users/jinpengli/CarND-Unscented-Kalman-Filter/xcode";
				USE_HEADERMAP = NO;
				WARNING_CFLAGS = ("-Wmost","-Wno-four-char-constants","-Wno-unknown-pragmas","$(inherited)");
			};
			name = RelWithDebInfo;
		};
		E8C337FA74E04E85B8132E03 /* Debug */ = {
			isa = XCBuildConfiguration;
			buildSettings = {
				MACOSX_DEPLOYMENT_TARGET = 10.13;
				ONLY_ACTIVE_ARCH = YES;
				SDKROOT = /Applications/Xcode.app/Contents/Developer/Platforms/MacOSX.platform/Developer/SDKs/MacOSX10.14.sdk;
				SYMROOT = "/Users/jinpengli/CarND-Unscented-Kalman-Filter/xcode/build";
			};
			name = Debug;
		};
/* End XCBuildConfiguration section */

/* Begin XCConfigurationList section */
		B5C100D37D5E4A14B8BF7D90 /* Build configuration list for PBXNativeTarget "UnscentedKF" */ = {
			isa = XCConfigurationList;
			buildConfigurations = (
				81A9A9207E9547B2946EBD3C /* Debug */,
				1E3F93ADA9FF492184CCDB81 /* Release */,
				565638BCEAEB4379959B56F1 /* MinSizeRel */,
				118CFE1C6F99477A96E3ABAB /* RelWithDebInfo */,
			);
			defaultConfigurationIsVisible = 0;
			defaultConfigurationName = Debug;
		};
		E137502780DA468CB663A117 /* Build configuration list for PBXAggregateTarget "ALL_BUILD" */ = {
			isa = XCConfigurationList;
			buildConfigurations = (
				AD8ADE4C857E4DF19DCD5439 /* Debug */,
				60BC554EC98049C7A89FBA0D /* Release */,
				64F18BB0E82A44B6AE7452F8 /* MinSizeRel */,
				539A436C19F9451E91B1EADD /* RelWithDebInfo */,
			);
			defaultConfigurationIsVisible = 0;
			defaultConfigurationName = Debug;
		};
		EED91E8AA01440EB9F308DDA /* Build configuration list for PBXProject "UnscentedKF" */ = {
			isa = XCConfigurationList;
			buildConfigurations = (
				E8C337FA74E04E85B8132E03 /* Debug */,
				5E1657341A9A47978FB85FE4 /* Release */,
				44151A8244F3424091226307 /* MinSizeRel */,
				19662338A8084EAF9349BAEF /* RelWithDebInfo */,
			);
			defaultConfigurationIsVisible = 0;
			defaultConfigurationName = Debug;
		};
		FEC778283513469BBCBD42E2 /* Build configuration list for PBXAggregateTarget "ZERO_CHECK" */ = {
			isa = XCConfigurationList;
			buildConfigurations = (
				21B0FE94CFCE41D1B5F661A1 /* Debug */,
				8C58DD186AE8480F879D0F0F /* Release */,
				60D02E3675A24D96B527A804 /* MinSizeRel */,
				CD3DE6F2250048F28846CECC /* RelWithDebInfo */,
			);
			defaultConfigurationIsVisible = 0;
			defaultConfigurationName = Debug;
		};
/* End XCConfigurationList section */
	};
	rootObject = 3C4A520911F74C5F816E6CB6 /* Project object */;
}
